// !$*UTF8*$!
{
	archiveVersion = 1;
	classes = {
	};
	objectVersion = 56;
	objects = {

/* Begin PBXBuildFile section */
		4625D26329C9BF970068406D /* StringUtils.swift in Sources */ = {isa = PBXBuildFile; fileRef = 4625D26229C9BF970068406D /* StringUtils.swift */; };
		4625D26529C9C0650068406D /* StringUtilsTest.swift in Sources */ = {isa = PBXBuildFile; fileRef = 4625D26429C9C0650068406D /* StringUtilsTest.swift */; };
		4636988F2B2DF1110098B680 /* Navigation.swift in Sources */ = {isa = PBXBuildFile; fileRef = 4636988E2B2DF1110098B680 /* Navigation.swift */; };
		46591C322959C1380083D399 /* Animation.swift in Sources */ = {isa = PBXBuildFile; fileRef = 46591C312959C1380083D399 /* Animation.swift */; };
		46591C342959C3300083D399 /* Animation_Implicit.swift in Sources */ = {isa = PBXBuildFile; fileRef = 46591C332959C3300083D399 /* Animation_Implicit.swift */; };
		46591C362959CAE00083D399 /* Layout_Stacks.swift in Sources */ = {isa = PBXBuildFile; fileRef = 46591C352959CAE00083D399 /* Layout_Stacks.swift */; };
		4699ABF229C7329C000546F2 /* Basics.swift in Sources */ = {isa = PBXBuildFile; fileRef = 4699ABF129C7329C000546F2 /* Basics.swift */; };
		4699ABF429C73548000546F2 /* PureSwift_Misc.swift in Sources */ = {isa = PBXBuildFile; fileRef = 4699ABF329C73548000546F2 /* PureSwift_Misc.swift */; };
		46B4FA9E29BFBEEA0003390E /* SomeAny.swift in Sources */ = {isa = PBXBuildFile; fileRef = 46B4FA9D29BFBEEA0003390E /* SomeAny.swift */; };
		46D9EA852951D6D900851A72 /* README.md in Resources */ = {isa = PBXBuildFile; fileRef = 46D9EA832951D6D900851A72 /* README.md */; };
		46D9EA862951D6D900851A72 /* LICENSE in Resources */ = {isa = PBXBuildFile; fileRef = 46D9EA842951D6D900851A72 /* LICENSE */; };
		46D9EA892951D93900851A72 /* Layout.swift in Sources */ = {isa = PBXBuildFile; fileRef = 46D9EA872951D93900851A72 /* Layout.swift */; };
		46D9EA8A2951D93900851A72 /* PureSwift.swift in Sources */ = {isa = PBXBuildFile; fileRef = 46D9EA882951D93900851A72 /* PureSwift.swift */; };
		46D9EA8C2951D96800851A72 /* Main.swift in Sources */ = {isa = PBXBuildFile; fileRef = 46D9EA8B2951D96800851A72 /* Main.swift */; };
		46D9EA8E2951DA0900851A72 /* .gitignore in Resources */ = {isa = PBXBuildFile; fileRef = 46D9EA8D2951DA0900851A72 /* .gitignore */; };
		46DA5F482953206D007A0BD9 /* PureSwift_Strings.swift in Sources */ = {isa = PBXBuildFile; fileRef = 46DA5F472953206D007A0BD9 /* PureSwift_Strings.swift */; };
		46EB151D2951D05800458718 /* MegaLearnApp.swift in Sources */ = {isa = PBXBuildFile; fileRef = 46EB151C2951D05800458718 /* MegaLearnApp.swift */; };
		46EB15212951D05900458718 /* Assets.xcassets in Resources */ = {isa = PBXBuildFile; fileRef = 46EB15202951D05900458718 /* Assets.xcassets */; };
		46EB15252951D05900458718 /* Preview Assets.xcassets in Resources */ = {isa = PBXBuildFile; fileRef = 46EB15242951D05900458718 /* Preview Assets.xcassets */; };
		46EB15392951D05900458718 /* MegaLearnAppUITests.swift in Sources */ = {isa = PBXBuildFile; fileRef = 46EB15382951D05900458718 /* MegaLearnAppUITests.swift */; };
		46EB153B2951D05900458718 /* MegaLearnAppUITestsLaunchTests.swift in Sources */ = {isa = PBXBuildFile; fileRef = 46EB153A2951D05900458718 /* MegaLearnAppUITestsLaunchTests.swift */; };
/* End PBXBuildFile section */

/* Begin PBXContainerItemProxy section */
		46EB152B2951D05900458718 /* PBXContainerItemProxy */ = {
			isa = PBXContainerItemProxy;
			containerPortal = 46EB15112951D05800458718 /* Project object */;
			proxyType = 1;
			remoteGlobalIDString = 46EB15182951D05800458718;
			remoteInfo = MegaLearnApp;
		};
		46EB15352951D05900458718 /* PBXContainerItemProxy */ = {
			isa = PBXContainerItemProxy;
			containerPortal = 46EB15112951D05800458718 /* Project object */;
			proxyType = 1;
			remoteGlobalIDString = 46EB15182951D05800458718;
			remoteInfo = MegaLearnApp;
		};
/* End PBXContainerItemProxy section */

/* Begin PBXFileReference section */
		4625D26229C9BF970068406D /* StringUtils.swift */ = {isa = PBXFileReference; lastKnownFileType = sourcecode.swift; path = StringUtils.swift; sourceTree = "<group>"; };
		4625D26429C9C0650068406D /* StringUtilsTest.swift */ = {isa = PBXFileReference; lastKnownFileType = sourcecode.swift; path = StringUtilsTest.swift; sourceTree = "<group>"; };
		4636988E2B2DF1110098B680 /* Navigation.swift */ = {isa = PBXFileReference; fileEncoding = 4; lastKnownFileType = sourcecode.swift; path = Navigation.swift; sourceTree = "<group>"; };
		46591C312959C1380083D399 /* Animation.swift */ = {isa = PBXFileReference; lastKnownFileType = sourcecode.swift; path = Animation.swift; sourceTree = "<group>"; };
		46591C332959C3300083D399 /* Animation_Implicit.swift */ = {isa = PBXFileReference; lastKnownFileType = sourcecode.swift; path = Animation_Implicit.swift; sourceTree = "<group>"; };
		46591C352959CAE00083D399 /* Layout_Stacks.swift */ = {isa = PBXFileReference; lastKnownFileType = sourcecode.swift; path = Layout_Stacks.swift; sourceTree = "<group>"; };
		4699ABF129C7329C000546F2 /* Basics.swift */ = {isa = PBXFileReference; lastKnownFileType = sourcecode.swift; path = Basics.swift; sourceTree = "<group>"; };
		4699ABF329C73548000546F2 /* PureSwift_Misc.swift */ = {isa = PBXFileReference; lastKnownFileType = sourcecode.swift; path = PureSwift_Misc.swift; sourceTree = "<group>"; };
		46B4FA9D29BFBEEA0003390E /* SomeAny.swift */ = {isa = PBXFileReference; lastKnownFileType = sourcecode.swift; path = SomeAny.swift; sourceTree = "<group>"; };
		46D9EA832951D6D900851A72 /* README.md */ = {isa = PBXFileReference; fileEncoding = 4; lastKnownFileType = net.daringfireball.markdown; path = README.md; sourceTree = "<group>"; };
		46D9EA842951D6D900851A72 /* LICENSE */ = {isa = PBXFileReference; fileEncoding = 4; lastKnownFileType = text; path = LICENSE; sourceTree = "<group>"; };
		46D9EA872951D93900851A72 /* Layout.swift */ = {isa = PBXFileReference; fileEncoding = 4; lastKnownFileType = sourcecode.swift; path = Layout.swift; sourceTree = "<group>"; };
		46D9EA882951D93900851A72 /* PureSwift.swift */ = {isa = PBXFileReference; fileEncoding = 4; lastKnownFileType = sourcecode.swift; path = PureSwift.swift; sourceTree = "<group>"; };
		46D9EA8B2951D96800851A72 /* Main.swift */ = {isa = PBXFileReference; lastKnownFileType = sourcecode.swift; path = Main.swift; sourceTree = "<group>"; };
		46D9EA8D2951DA0900851A72 /* .gitignore */ = {isa = PBXFileReference; fileEncoding = 4; lastKnownFileType = text; path = .gitignore; sourceTree = "<group>"; };
		46DA5F472953206D007A0BD9 /* PureSwift_Strings.swift */ = {isa = PBXFileReference; lastKnownFileType = sourcecode.swift; path = PureSwift_Strings.swift; sourceTree = "<group>"; };
		46EB15192951D05800458718 /* MegaLearnApp.app */ = {isa = PBXFileReference; explicitFileType = wrapper.application; includeInIndex = 0; path = MegaLearnApp.app; sourceTree = BUILT_PRODUCTS_DIR; };
		46EB151C2951D05800458718 /* MegaLearnApp.swift */ = {isa = PBXFileReference; lastKnownFileType = sourcecode.swift; path = MegaLearnApp.swift; sourceTree = "<group>"; };
		46EB15202951D05900458718 /* Assets.xcassets */ = {isa = PBXFileReference; lastKnownFileType = folder.assetcatalog; path = Assets.xcassets; sourceTree = "<group>"; };
		46EB15222951D05900458718 /* MegaLearnApp.entitlements */ = {isa = PBXFileReference; lastKnownFileType = text.plist.entitlements; path = MegaLearnApp.entitlements; sourceTree = "<group>"; };
		46EB15242951D05900458718 /* Preview Assets.xcassets */ = {isa = PBXFileReference; lastKnownFileType = folder.assetcatalog; path = "Preview Assets.xcassets"; sourceTree = "<group>"; };
		46EB152A2951D05900458718 /* MegaLearnAppTests.xctest */ = {isa = PBXFileReference; explicitFileType = wrapper.cfbundle; includeInIndex = 0; path = MegaLearnAppTests.xctest; sourceTree = BUILT_PRODUCTS_DIR; };
		46EB15342951D05900458718 /* MegaLearnAppUITests.xctest */ = {isa = PBXFileReference; explicitFileType = wrapper.cfbundle; includeInIndex = 0; path = MegaLearnAppUITests.xctest; sourceTree = BUILT_PRODUCTS_DIR; };
		46EB15382951D05900458718 /* MegaLearnAppUITests.swift */ = {isa = PBXFileReference; lastKnownFileType = sourcecode.swift; path = MegaLearnAppUITests.swift; sourceTree = "<group>"; };
		46EB153A2951D05900458718 /* MegaLearnAppUITestsLaunchTests.swift */ = {isa = PBXFileReference; lastKnownFileType = sourcecode.swift; path = MegaLearnAppUITestsLaunchTests.swift; sourceTree = "<group>"; };
/* End PBXFileReference section */

/* Begin PBXFrameworksBuildPhase section */
		46EB15162951D05800458718 /* Frameworks */ = {
			isa = PBXFrameworksBuildPhase;
			buildActionMask = 2147483647;
			files = (
			);
			runOnlyForDeploymentPostprocessing = 0;
		};
		46EB15272951D05900458718 /* Frameworks */ = {
			isa = PBXFrameworksBuildPhase;
			buildActionMask = 2147483647;
			files = (
			);
			runOnlyForDeploymentPostprocessing = 0;
		};
		46EB15312951D05900458718 /* Frameworks */ = {
			isa = PBXFrameworksBuildPhase;
			buildActionMask = 2147483647;
			files = (
			);
			runOnlyForDeploymentPostprocessing = 0;
		};
/* End PBXFrameworksBuildPhase section */

/* Begin PBXGroup section */
		461177EC2B2C7A9700983893 /* Menus */ = {
			isa = PBXGroup;
			children = (
				46D9EA8B2951D96800851A72 /* Main.swift */,
				46D9EA882951D93900851A72 /* PureSwift.swift */,
				46D9EA872951D93900851A72 /* Layout.swift */,
				4636988E2B2DF1110098B680 /* Navigation.swift */,
				46591C312959C1380083D399 /* Animation.swift */,
			);
			path = Menus;
			sourceTree = "<group>";
		};
		461177ED2B2C7BB900983893 /* PureSwift */ = {
			isa = PBXGroup;
			children = (
				46DA5F472953206D007A0BD9 /* PureSwift_Strings.swift */,
				4699ABF329C73548000546F2 /* PureSwift_Misc.swift */,
			);
			path = PureSwift;
			sourceTree = "<group>";
		};
		461177EE2B2C7BCE00983893 /* Layout */ = {
			isa = PBXGroup;
			children = (
				46591C352959CAE00083D399 /* Layout_Stacks.swift */,
			);
			path = Layout;
			sourceTree = "<group>";
		};
		461177EF2B2C7BF400983893 /* Animation */ = {
			isa = PBXGroup;
			children = (
				46591C332959C3300083D399 /* Animation_Implicit.swift */,
			);
			path = Animation;
			sourceTree = "<group>";
		};
		461177F02B2C7C3F00983893 /* Util */ = {
			isa = PBXGroup;
			children = (
				4625D26229C9BF970068406D /* StringUtils.swift */,
			);
			path = Util;
			sourceTree = "<group>";
		};
		46EB15102951D05800458718 = {
			isa = PBXGroup;
			children = (
				46D9EA8D2951DA0900851A72 /* .gitignore */,
				46D9EA842951D6D900851A72 /* LICENSE */,
				46D9EA832951D6D900851A72 /* README.md */,
				46EB151B2951D05800458718 /* MegaLearnApp */,
				46EB152D2951D05900458718 /* MegaLearnAppTests */,
				46EB15372951D05900458718 /* MegaLearnAppUITests */,
				46EB151A2951D05800458718 /* Products */,
			);
			sourceTree = "<group>";
		};
		46EB151A2951D05800458718 /* Products */ = {
			isa = PBXGroup;
			children = (
				46EB15192951D05800458718 /* MegaLearnApp.app */,
				46EB152A2951D05900458718 /* MegaLearnAppTests.xctest */,
				46EB15342951D05900458718 /* MegaLearnAppUITests.xctest */,
			);
			name = Products;
			sourceTree = "<group>";
		};
		46EB151B2951D05800458718 /* MegaLearnApp */ = {
			isa = PBXGroup;
			children = (
				461177EC2B2C7A9700983893 /* Menus */,
				461177ED2B2C7BB900983893 /* PureSwift */,
				461177EE2B2C7BCE00983893 /* Layout */,
				461177EF2B2C7BF400983893 /* Animation */,
				461177F02B2C7C3F00983893 /* Util */,
				46B4FA9D29BFBEEA0003390E /* SomeAny.swift */,
				4699ABF129C7329C000546F2 /* Basics.swift */,
				46EB151C2951D05800458718 /* MegaLearnApp.swift */,
				46EB15202951D05900458718 /* Assets.xcassets */,
				46EB15222951D05900458718 /* MegaLearnApp.entitlements */,
				46EB15232951D05900458718 /* Preview Content */,
			);
			path = MegaLearnApp;
			sourceTree = "<group>";
		};
		46EB15232951D05900458718 /* Preview Content */ = {
			isa = PBXGroup;
			children = (
				46EB15242951D05900458718 /* Preview Assets.xcassets */,
			);
			path = "Preview Content";
			sourceTree = "<group>";
		};
		46EB152D2951D05900458718 /* MegaLearnAppTests */ = {
			isa = PBXGroup;
			children = (
				4625D26429C9C0650068406D /* StringUtilsTest.swift */,
			);
			path = MegaLearnAppTests;
			sourceTree = "<group>";
		};
		46EB15372951D05900458718 /* MegaLearnAppUITests */ = {
			isa = PBXGroup;
			children = (
				46EB15382951D05900458718 /* MegaLearnAppUITests.swift */,
				46EB153A2951D05900458718 /* MegaLearnAppUITestsLaunchTests.swift */,
			);
			path = MegaLearnAppUITests;
			sourceTree = "<group>";
		};
/* End PBXGroup section */

/* Begin PBXNativeTarget section */
		46EB15182951D05800458718 /* MegaLearnApp */ = {
			isa = PBXNativeTarget;
			buildConfigurationList = 46EB153E2951D05900458718 /* Build configuration list for PBXNativeTarget "MegaLearnApp" */;
			buildPhases = (
				46EB15152951D05800458718 /* Sources */,
				46EB15162951D05800458718 /* Frameworks */,
				46EB15172951D05800458718 /* Resources */,
			);
			buildRules = (
			);
			dependencies = (
			);
			name = MegaLearnApp;
			productName = MegaLearnApp;
			productReference = 46EB15192951D05800458718 /* MegaLearnApp.app */;
			productType = "com.apple.product-type.application";
		};
		46EB15292951D05900458718 /* MegaLearnAppTests */ = {
			isa = PBXNativeTarget;
			buildConfigurationList = 46EB15412951D05900458718 /* Build configuration list for PBXNativeTarget "MegaLearnAppTests" */;
			buildPhases = (
				46EB15262951D05900458718 /* Sources */,
				46EB15272951D05900458718 /* Frameworks */,
				46EB15282951D05900458718 /* Resources */,
			);
			buildRules = (
			);
			dependencies = (
				46EB152C2951D05900458718 /* PBXTargetDependency */,
			);
			name = MegaLearnAppTests;
			productName = MegaLearnAppTests;
			productReference = 46EB152A2951D05900458718 /* MegaLearnAppTests.xctest */;
			productType = "com.apple.product-type.bundle.unit-test";
		};
		46EB15332951D05900458718 /* MegaLearnAppUITests */ = {
			isa = PBXNativeTarget;
			buildConfigurationList = 46EB15442951D05900458718 /* Build configuration list for PBXNativeTarget "MegaLearnAppUITests" */;
			buildPhases = (
				46EB15302951D05900458718 /* Sources */,
				46EB15312951D05900458718 /* Frameworks */,
				46EB15322951D05900458718 /* Resources */,
			);
			buildRules = (
			);
			dependencies = (
				46EB15362951D05900458718 /* PBXTargetDependency */,
			);
			name = MegaLearnAppUITests;
			productName = MegaLearnAppUITests;
			productReference = 46EB15342951D05900458718 /* MegaLearnAppUITests.xctest */;
			productType = "com.apple.product-type.bundle.ui-testing";
		};
/* End PBXNativeTarget section */

/* Begin PBXProject section */
		46EB15112951D05800458718 /* Project object */ = {
			isa = PBXProject;
			attributes = {
				BuildIndependentTargetsInParallel = 1;
				LastSwiftUpdateCheck = 1410;
				LastUpgradeCheck = 1500;
				TargetAttributes = {
					46EB15182951D05800458718 = {
						CreatedOnToolsVersion = 14.1;
					};
					46EB15292951D05900458718 = {
						CreatedOnToolsVersion = 14.1;
						TestTargetID = 46EB15182951D05800458718;
					};
					46EB15332951D05900458718 = {
						CreatedOnToolsVersion = 14.1;
						TestTargetID = 46EB15182951D05800458718;
					};
				};
			};
			buildConfigurationList = 46EB15142951D05800458718 /* Build configuration list for PBXProject "MegaLearnApp" */;
			compatibilityVersion = "Xcode 14.0";
			developmentRegion = en;
			hasScannedForEncodings = 0;
			knownRegions = (
				en,
				Base,
			);
			mainGroup = 46EB15102951D05800458718;
			productRefGroup = 46EB151A2951D05800458718 /* Products */;
			projectDirPath = "";
			projectRoot = "";
			targets = (
				46EB15182951D05800458718 /* MegaLearnApp */,
				46EB15292951D05900458718 /* MegaLearnAppTests */,
				46EB15332951D05900458718 /* MegaLearnAppUITests */,
			);
		};
/* End PBXProject section */

/* Begin PBXResourcesBuildPhase section */
		46EB15172951D05800458718 /* Resources */ = {
			isa = PBXResourcesBuildPhase;
			buildActionMask = 2147483647;
			files = (
				46D9EA8E2951DA0900851A72 /* .gitignore in Resources */,
				46D9EA852951D6D900851A72 /* README.md in Resources */,
				46EB15252951D05900458718 /* Preview Assets.xcassets in Resources */,
				46D9EA862951D6D900851A72 /* LICENSE in Resources */,
				46EB15212951D05900458718 /* Assets.xcassets in Resources */,
			);
			runOnlyForDeploymentPostprocessing = 0;
		};
		46EB15282951D05900458718 /* Resources */ = {
			isa = PBXResourcesBuildPhase;
			buildActionMask = 2147483647;
			files = (
			);
			runOnlyForDeploymentPostprocessing = 0;
		};
		46EB15322951D05900458718 /* Resources */ = {
			isa = PBXResourcesBuildPhase;
			buildActionMask = 2147483647;
			files = (
			);
			runOnlyForDeploymentPostprocessing = 0;
		};
/* End PBXResourcesBuildPhase section */

/* Begin PBXSourcesBuildPhase section */
		46EB15152951D05800458718 /* Sources */ = {
			isa = PBXSourcesBuildPhase;
			buildActionMask = 2147483647;
			files = (
				4625D26329C9BF970068406D /* StringUtils.swift in Sources */,
				46D9EA8C2951D96800851A72 /* Main.swift in Sources */,
				46B4FA9E29BFBEEA0003390E /* SomeAny.swift in Sources */,
				4699ABF229C7329C000546F2 /* Basics.swift in Sources */,
				46D9EA892951D93900851A72 /* Layout.swift in Sources */,
				46591C342959C3300083D399 /* Animation_Implicit.swift in Sources */,
				46591C322959C1380083D399 /* Animation.swift in Sources */,
				46591C362959CAE00083D399 /* Layout_Stacks.swift in Sources */,
				46EB151D2951D05800458718 /* MegaLearnApp.swift in Sources */,
				4636988F2B2DF1110098B680 /* Navigation.swift in Sources */,
				46DA5F482953206D007A0BD9 /* PureSwift_Strings.swift in Sources */,
				46D9EA8A2951D93900851A72 /* PureSwift.swift in Sources */,
				4699ABF429C73548000546F2 /* PureSwift_Misc.swift in Sources */,
			);
			runOnlyForDeploymentPostprocessing = 0;
		};
		46EB15262951D05900458718 /* Sources */ = {
			isa = PBXSourcesBuildPhase;
			buildActionMask = 2147483647;
			files = (
				4625D26529C9C0650068406D /* StringUtilsTest.swift in Sources */,
			);
			runOnlyForDeploymentPostprocessing = 0;
		};
		46EB15302951D05900458718 /* Sources */ = {
			isa = PBXSourcesBuildPhase;
			buildActionMask = 2147483647;
			files = (
				46EB15392951D05900458718 /* MegaLearnAppUITests.swift in Sources */,
				46EB153B2951D05900458718 /* MegaLearnAppUITestsLaunchTests.swift in Sources */,
			);
			runOnlyForDeploymentPostprocessing = 0;
		};
/* End PBXSourcesBuildPhase section */

/* Begin PBXTargetDependency section */
		46EB152C2951D05900458718 /* PBXTargetDependency */ = {
			isa = PBXTargetDependency;
			target = 46EB15182951D05800458718 /* MegaLearnApp */;
			targetProxy = 46EB152B2951D05900458718 /* PBXContainerItemProxy */;
		};
		46EB15362951D05900458718 /* PBXTargetDependency */ = {
			isa = PBXTargetDependency;
			target = 46EB15182951D05800458718 /* MegaLearnApp */;
			targetProxy = 46EB15352951D05900458718 /* PBXContainerItemProxy */;
		};
/* End PBXTargetDependency section */

/* Begin XCBuildConfiguration section */
		46EB153C2951D05900458718 /* Debug */ = {
			isa = XCBuildConfiguration;
			buildSettings = {
				ALWAYS_SEARCH_USER_PATHS = NO;
				CLANG_ANALYZER_NONNULL = YES;
				CLANG_ANALYZER_NUMBER_OBJECT_CONVERSION = YES_AGGRESSIVE;
				CLANG_CXX_LANGUAGE_STANDARD = "gnu++20";
				CLANG_ENABLE_MODULES = YES;
				CLANG_ENABLE_OBJC_ARC = YES;
				CLANG_ENABLE_OBJC_WEAK = YES;
				CLANG_WARN_BLOCK_CAPTURE_AUTORELEASING = YES;
				CLANG_WARN_BOOL_CONVERSION = YES;
				CLANG_WARN_COMMA = YES;
				CLANG_WARN_CONSTANT_CONVERSION = YES;
				CLANG_WARN_DEPRECATED_OBJC_IMPLEMENTATIONS = YES;
				CLANG_WARN_DIRECT_OBJC_ISA_USAGE = YES_ERROR;
				CLANG_WARN_DOCUMENTATION_COMMENTS = YES;
				CLANG_WARN_EMPTY_BODY = YES;
				CLANG_WARN_ENUM_CONVERSION = YES;
				CLANG_WARN_INFINITE_RECURSION = YES;
				CLANG_WARN_INT_CONVERSION = YES;
				CLANG_WARN_NON_LITERAL_NULL_CONVERSION = YES;
				CLANG_WARN_OBJC_IMPLICIT_RETAIN_SELF = YES;
				CLANG_WARN_OBJC_LITERAL_CONVERSION = YES;
				CLANG_WARN_OBJC_ROOT_CLASS = YES_ERROR;
				CLANG_WARN_QUOTED_INCLUDE_IN_FRAMEWORK_HEADER = YES;
				CLANG_WARN_RANGE_LOOP_ANALYSIS = YES;
				CLANG_WARN_STRICT_PROTOTYPES = YES;
				CLANG_WARN_SUSPICIOUS_MOVE = YES;
				CLANG_WARN_UNGUARDED_AVAILABILITY = YES_AGGRESSIVE;
				CLANG_WARN_UNREACHABLE_CODE = YES;
				CLANG_WARN__DUPLICATE_METHOD_MATCH = YES;
				COPY_PHASE_STRIP = NO;
				DEAD_CODE_STRIPPING = YES;
				DEBUG_INFORMATION_FORMAT = dwarf;
				ENABLE_STRICT_OBJC_MSGSEND = YES;
				ENABLE_TESTABILITY = YES;
				ENABLE_USER_SCRIPT_SANDBOXING = YES;
				GCC_C_LANGUAGE_STANDARD = gnu11;
				GCC_DYNAMIC_NO_PIC = NO;
				GCC_NO_COMMON_BLOCKS = YES;
				GCC_OPTIMIZATION_LEVEL = 0;
				GCC_PREPROCESSOR_DEFINITIONS = (
					"DEBUG=1",
					"$(inherited)",
				);
				GCC_WARN_64_TO_32_BIT_CONVERSION = YES;
				GCC_WARN_ABOUT_RETURN_TYPE = YES_ERROR;
				GCC_WARN_UNDECLARED_SELECTOR = YES;
				GCC_WARN_UNINITIALIZED_AUTOS = YES_AGGRESSIVE;
				GCC_WARN_UNUSED_FUNCTION = YES;
				GCC_WARN_UNUSED_VARIABLE = YES;
				MTL_ENABLE_DEBUG_INFO = INCLUDE_SOURCE;
				MTL_FAST_MATH = YES;
				ONLY_ACTIVE_ARCH = YES;
				SWIFT_ACTIVE_COMPILATION_CONDITIONS = DEBUG;
				SWIFT_OPTIMIZATION_LEVEL = "-Onone";
			};
			name = Debug;
		};
		46EB153D2951D05900458718 /* Release */ = {
			isa = XCBuildConfiguration;
			buildSettings = {
				ALWAYS_SEARCH_USER_PATHS = NO;
				CLANG_ANALYZER_NONNULL = YES;
				CLANG_ANALYZER_NUMBER_OBJECT_CONVERSION = YES_AGGRESSIVE;
				CLANG_CXX_LANGUAGE_STANDARD = "gnu++20";
				CLANG_ENABLE_MODULES = YES;
				CLANG_ENABLE_OBJC_ARC = YES;
				CLANG_ENABLE_OBJC_WEAK = YES;
				CLANG_WARN_BLOCK_CAPTURE_AUTORELEASING = YES;
				CLANG_WARN_BOOL_CONVERSION = YES;
				CLANG_WARN_COMMA = YES;
				CLANG_WARN_CONSTANT_CONVERSION = YES;
				CLANG_WARN_DEPRECATED_OBJC_IMPLEMENTATIONS = YES;
				CLANG_WARN_DIRECT_OBJC_ISA_USAGE = YES_ERROR;
				CLANG_WARN_DOCUMENTATION_COMMENTS = YES;
				CLANG_WARN_EMPTY_BODY = YES;
				CLANG_WARN_ENUM_CONVERSION = YES;
				CLANG_WARN_INFINITE_RECURSION = YES;
				CLANG_WARN_INT_CONVERSION = YES;
				CLANG_WARN_NON_LITERAL_NULL_CONVERSION = YES;
				CLANG_WARN_OBJC_IMPLICIT_RETAIN_SELF = YES;
				CLANG_WARN_OBJC_LITERAL_CONVERSION = YES;
				CLANG_WARN_OBJC_ROOT_CLASS = YES_ERROR;
				CLANG_WARN_QUOTED_INCLUDE_IN_FRAMEWORK_HEADER = YES;
				CLANG_WARN_RANGE_LOOP_ANALYSIS = YES;
				CLANG_WARN_STRICT_PROTOTYPES = YES;
				CLANG_WARN_SUSPICIOUS_MOVE = YES;
				CLANG_WARN_UNGUARDED_AVAILABILITY = YES_AGGRESSIVE;
				CLANG_WARN_UNREACHABLE_CODE = YES;
				CLANG_WARN__DUPLICATE_METHOD_MATCH = YES;
				COPY_PHASE_STRIP = NO;
				DEAD_CODE_STRIPPING = YES;
				DEBUG_INFORMATION_FORMAT = "dwarf-with-dsym";
				ENABLE_NS_ASSERTIONS = NO;
				ENABLE_STRICT_OBJC_MSGSEND = YES;
				ENABLE_USER_SCRIPT_SANDBOXING = YES;
				GCC_C_LANGUAGE_STANDARD = gnu11;
				GCC_NO_COMMON_BLOCKS = YES;
				GCC_WARN_64_TO_32_BIT_CONVERSION = YES;
				GCC_WARN_ABOUT_RETURN_TYPE = YES_ERROR;
				GCC_WARN_UNDECLARED_SELECTOR = YES;
				GCC_WARN_UNINITIALIZED_AUTOS = YES_AGGRESSIVE;
				GCC_WARN_UNUSED_FUNCTION = YES;
				GCC_WARN_UNUSED_VARIABLE = YES;
				MTL_ENABLE_DEBUG_INFO = NO;
				MTL_FAST_MATH = YES;
				SWIFT_COMPILATION_MODE = wholemodule;
				SWIFT_OPTIMIZATION_LEVEL = "-O";
			};
			name = Release;
		};
		46EB153F2951D05900458718 /* Debug */ = {
			isa = XCBuildConfiguration;
			buildSettings = {
				ASSETCATALOG_COMPILER_APPICON_NAME = AppIcon;
				ASSETCATALOG_COMPILER_GLOBAL_ACCENT_COLOR_NAME = AccentColor;
				CODE_SIGN_ENTITLEMENTS = MegaLearnApp/MegaLearnApp.entitlements;
				CODE_SIGN_STYLE = Automatic;
				CURRENT_PROJECT_VERSION = 1;
				DEAD_CODE_STRIPPING = YES;
				DEVELOPMENT_ASSET_PATHS = "\"MegaLearnApp/Preview Content\"";
				DEVELOPMENT_TEAM = 7F7UVLA3XJ;
				ENABLE_HARDENED_RUNTIME = YES;
				ENABLE_PREVIEWS = YES;
				GENERATE_INFOPLIST_FILE = YES;
				"INFOPLIST_KEY_UIApplicationSceneManifest_Generation[sdk=iphoneos*]" = YES;
				"INFOPLIST_KEY_UIApplicationSceneManifest_Generation[sdk=iphonesimulator*]" = YES;
				"INFOPLIST_KEY_UIApplicationSupportsIndirectInputEvents[sdk=iphoneos*]" = YES;
				"INFOPLIST_KEY_UIApplicationSupportsIndirectInputEvents[sdk=iphonesimulator*]" = YES;
				"INFOPLIST_KEY_UILaunchScreen_Generation[sdk=iphoneos*]" = YES;
				"INFOPLIST_KEY_UILaunchScreen_Generation[sdk=iphonesimulator*]" = YES;
				"INFOPLIST_KEY_UIStatusBarStyle[sdk=iphoneos*]" = UIStatusBarStyleDefault;
				"INFOPLIST_KEY_UIStatusBarStyle[sdk=iphonesimulator*]" = UIStatusBarStyleDefault;
				INFOPLIST_KEY_UISupportedInterfaceOrientations_iPad = "UIInterfaceOrientationPortrait UIInterfaceOrientationPortraitUpsideDown UIInterfaceOrientationLandscapeLeft UIInterfaceOrientationLandscapeRight";
				INFOPLIST_KEY_UISupportedInterfaceOrientations_iPhone = "UIInterfaceOrientationPortrait UIInterfaceOrientationLandscapeLeft UIInterfaceOrientationLandscapeRight";
				IPHONEOS_DEPLOYMENT_TARGET = 16.1;
				LD_RUNPATH_SEARCH_PATHS = "@executable_path/Frameworks";
				"LD_RUNPATH_SEARCH_PATHS[sdk=macosx*]" = "@executable_path/../Frameworks";
				MACOSX_DEPLOYMENT_TARGET = 13.0;
				MARKETING_VERSION = 1.0;
				PRODUCT_BUNDLE_IDENTIFIER = de.lamosoft.learn.MegaLearnApp;
				PRODUCT_NAME = "$(TARGET_NAME)";
				SDKROOT = auto;
				SUPPORTED_PLATFORMS = "iphoneos iphonesimulator macosx";
				SWIFT_EMIT_LOC_STRINGS = YES;
				SWIFT_VERSION = 5.0;
				TARGETED_DEVICE_FAMILY = "1,2";
			};
			name = Debug;
		};
		46EB15402951D05900458718 /* Release */ = {
			isa = XCBuildConfiguration;
			buildSettings = {
				ASSETCATALOG_COMPILER_APPICON_NAME = AppIcon;
				ASSETCATALOG_COMPILER_GLOBAL_ACCENT_COLOR_NAME = AccentColor;
				CODE_SIGN_ENTITLEMENTS = MegaLearnApp/MegaLearnApp.entitlements;
				CODE_SIGN_STYLE = Automatic;
				CURRENT_PROJECT_VERSION = 1;
				DEAD_CODE_STRIPPING = YES;
				DEVELOPMENT_ASSET_PATHS = "\"MegaLearnApp/Preview Content\"";
				DEVELOPMENT_TEAM = 7F7UVLA3XJ;
				ENABLE_HARDENED_RUNTIME = YES;
				ENABLE_PREVIEWS = YES;
				GENERATE_INFOPLIST_FILE = YES;
				"INFOPLIST_KEY_UIApplicationSceneManifest_Generation[sdk=iphoneos*]" = YES;
				"INFOPLIST_KEY_UIApplicationSceneManifest_Generation[sdk=iphonesimulator*]" = YES;
				"INFOPLIST_KEY_UIApplicationSupportsIndirectInputEvents[sdk=iphoneos*]" = YES;
				"INFOPLIST_KEY_UIApplicationSupportsIndirectInputEvents[sdk=iphonesimulator*]" = YES;
				"INFOPLIST_KEY_UILaunchScreen_Generation[sdk=iphoneos*]" = YES;
				"INFOPLIST_KEY_UILaunchScreen_Generation[sdk=iphonesimulator*]" = YES;
				"INFOPLIST_KEY_UIStatusBarStyle[sdk=iphoneos*]" = UIStatusBarStyleDefault;
				"INFOPLIST_KEY_UIStatusBarStyle[sdk=iphonesimulator*]" = UIStatusBarStyleDefault;
				INFOPLIST_KEY_UISupportedInterfaceOrientations_iPad = "UIInterfaceOrientationPortrait UIInterfaceOrientationPortraitUpsideDown UIInterfaceOrientationLandscapeLeft UIInterfaceOrientationLandscapeRight";
				INFOPLIST_KEY_UISupportedInterfaceOrientations_iPhone = "UIInterfaceOrientationPortrait UIInterfaceOrientationLandscapeLeft UIInterfaceOrientationLandscapeRight";
				IPHONEOS_DEPLOYMENT_TARGET = 16.1;
				LD_RUNPATH_SEARCH_PATHS = "@executable_path/Frameworks";
				"LD_RUNPATH_SEARCH_PATHS[sdk=macosx*]" = "@executable_path/../Frameworks";
				MACOSX_DEPLOYMENT_TARGET = 13.0;
				MARKETING_VERSION = 1.0;
				PRODUCT_BUNDLE_IDENTIFIER = de.lamosoft.learn.MegaLearnApp;
				PRODUCT_NAME = "$(TARGET_NAME)";
				SDKROOT = auto;
				SUPPORTED_PLATFORMS = "iphoneos iphonesimulator macosx";
				SWIFT_EMIT_LOC_STRINGS = YES;
				SWIFT_VERSION = 5.0;
				TARGETED_DEVICE_FAMILY = "1,2";
			};
			name = Release;
		};
		46EB15422951D05900458718 /* Debug */ = {
			isa = XCBuildConfiguration;
			buildSettings = {
				ALWAYS_EMBED_SWIFT_STANDARD_LIBRARIES = YES;
				BUNDLE_LOADER = "$(TEST_HOST)";
				CODE_SIGN_STYLE = Automatic;
				CURRENT_PROJECT_VERSION = 1;
				DEAD_CODE_STRIPPING = YES;
				DEVELOPMENT_TEAM = 7F7UVLA3XJ;
				GENERATE_INFOPLIST_FILE = YES;
				IPHONEOS_DEPLOYMENT_TARGET = 16.1;
				MACOSX_DEPLOYMENT_TARGET = 13.0;
				MARKETING_VERSION = 1.0;
				PRODUCT_BUNDLE_IDENTIFIER = de.lamosoft.learn.MegaLearnAppTests;
				PRODUCT_NAME = "$(TARGET_NAME)";
				SDKROOT = auto;
				SUPPORTED_PLATFORMS = "iphoneos iphonesimulator macosx";
				SWIFT_EMIT_LOC_STRINGS = NO;
				SWIFT_VERSION = 5.0;
				TARGETED_DEVICE_FAMILY = "1,2";
				TEST_HOST = "$(BUILT_PRODUCTS_DIR)/MegaLearnApp.app/$(BUNDLE_EXECUTABLE_FOLDER_PATH)/MegaLearnApp";
			};
			name = Debug;
		};
		46EB15432951D05900458718 /* Release */ = {
			isa = XCBuildConfiguration;
			buildSettings = {
				ALWAYS_EMBED_SWIFT_STANDARD_LIBRARIES = YES;
				BUNDLE_LOADER = "$(TEST_HOST)";
				CODE_SIGN_STYLE = Automatic;
				CURRENT_PROJECT_VERSION = 1;
				DEAD_CODE_STRIPPING = YES;
				DEVELOPMENT_TEAM = 7F7UVLA3XJ;
				GENERATE_INFOPLIST_FILE = YES;
				IPHONEOS_DEPLOYMENT_TARGET = 16.1;
				MACOSX_DEPLOYMENT_TARGET = 13.0;
				MARKETING_VERSION = 1.0;
				PRODUCT_BUNDLE_IDENTIFIER = de.lamosoft.learn.MegaLearnAppTests;
				PRODUCT_NAME = "$(TARGET_NAME)";
				SDKROOT = auto;
				SUPPORTED_PLATFORMS = "iphoneos iphonesimulator macosx";
				SWIFT_EMIT_LOC_STRINGS = NO;
				SWIFT_VERSION = 5.0;
				TARGETED_DEVICE_FAMILY = "1,2";
				TEST_HOST = "$(BUILT_PRODUCTS_DIR)/MegaLearnApp.app/$(BUNDLE_EXECUTABLE_FOLDER_PATH)/MegaLearnApp";
			};
			name = Release;
		};
		46EB15452951D05900458718 /* Debug */ = {
			isa = XCBuildConfiguration;
			buildSettings = {
				ALWAYS_EMBED_SWIFT_STANDARD_LIBRARIES = YES;
				CODE_SIGN_STYLE = Automatic;
				CURRENT_PROJECT_VERSION = 1;
				DEAD_CODE_STRIPPING = YES;
				DEVELOPMENT_TEAM = 7F7UVLA3XJ;
				GENERATE_INFOPLIST_FILE = YES;
				IPHONEOS_DEPLOYMENT_TARGET = 16.1;
				MACOSX_DEPLOYMENT_TARGET = 13.0;
				MARKETING_VERSION = 1.0;
				PRODUCT_BUNDLE_IDENTIFIER = de.lamosoft.learn.MegaLearnAppUITests;
				PRODUCT_NAME = "$(TARGET_NAME)";
				SDKROOT = auto;
				SUPPORTED_PLATFORMS = "iphoneos iphonesimulator macosx";
				SWIFT_EMIT_LOC_STRINGS = NO;
				SWIFT_VERSION = 5.0;
				TARGETED_DEVICE_FAMILY = "1,2";
				TEST_TARGET_NAME = MegaLearnApp;
			};
			name = Debug;
		};
		46EB15462951D05900458718 /* Release */ = {
			isa = XCBuildConfiguration;
			buildSettings = {
				ALWAYS_EMBED_SWIFT_STANDARD_LIBRARIES = YES;
				CODE_SIGN_STYLE = Automatic;
				CURRENT_PROJECT_VERSION = 1;
				DEAD_CODE_STRIPPING = YES;
				DEVELOPMENT_TEAM = 7F7UVLA3XJ;
				GENERATE_INFOPLIST_FILE = YES;
				IPHONEOS_DEPLOYMENT_TARGET = 16.1;
				MACOSX_DEPLOYMENT_TARGET = 13.0;
				MARKETING_VERSION = 1.0;
				PRODUCT_BUNDLE_IDENTIFIER = de.lamosoft.learn.MegaLearnAppUITests;
				PRODUCT_NAME = "$(TARGET_NAME)";
				SDKROOT = auto;
				SUPPORTED_PLATFORMS = "iphoneos iphonesimulator macosx";
				SWIFT_EMIT_LOC_STRINGS = NO;
				SWIFT_VERSION = 5.0;
				TARGETED_DEVICE_FAMILY = "1,2";
				TEST_TARGET_NAME = MegaLearnApp;
			};
			name = Release;
		};
/* End XCBuildConfiguration section */

/* Begin XCConfigurationList section */
		46EB15142951D05800458718 /* Build configuration list for PBXProject "MegaLearnApp" */ = {
			isa = XCConfigurationList;
			buildConfigurations = (
				46EB153C2951D05900458718 /* Debug */,
				46EB153D2951D05900458718 /* Release */,
			);
			defaultConfigurationIsVisible = 0;
			defaultConfigurationName = Release;
		};
		46EB153E2951D05900458718 /* Build configuration list for PBXNativeTarget "MegaLearnApp" */ = {
			isa = XCConfigurationList;
			buildConfigurations = (
				46EB153F2951D05900458718 /* Debug */,
				46EB15402951D05900458718 /* Release */,
			);
			defaultConfigurationIsVisible = 0;
			defaultConfigurationName = Release;
		};
		46EB15412951D05900458718 /* Build configuration list for PBXNativeTarget "MegaLearnAppTests" */ = {
			isa = XCConfigurationList;
			buildConfigurations = (
				46EB15422951D05900458718 /* Debug */,
				46EB15432951D05900458718 /* Release */,
			);
			defaultConfigurationIsVisible = 0;
			defaultConfigurationName = Release;
		};
		46EB15442951D05900458718 /* Build configuration list for PBXNativeTarget "MegaLearnAppUITests" */ = {
			isa = XCConfigurationList;
			buildConfigurations = (
				46EB15452951D05900458718 /* Debug */,
				46EB15462951D05900458718 /* Release */,
			);
			defaultConfigurationIsVisible = 0;
			defaultConfigurationName = Release;
		};
/* End XCConfigurationList section */
	};
	rootObject = 46EB15112951D05800458718 /* Project object */;
}
